
Microsoft Visual Studio Solution File, Format Version 12.00
# Visual Studio Version 17
VisualStudioVersion = 17.1.31911.260
MinimumVisualStudioVersion = 10.0.40219.1
Project("{FAE04EC0-301F-11D3-BF4B-00C04F79EFBC}") = "EMPI_Lab_work_1", "EMPI_Lab_work_1\EMPI_Lab_work_1.csproj", "{DD2AE956-2504-4E3E-9B67-BF16B8F0CF3D}"
EndProject
Global
	GlobalSection(SolutionConfigurationPlatforms) = preSolution
		Debug|Any CPU = Debug|Any CPU
		Release|Any CPU = Release|Any CPU
	EndGlobalSection
	GlobalSection(ProjectConfigurationPlatforms) = postSolution
		{DD2AE956-2504-4E3E-9B67-BF16B8F0CF3D}.Debug|Any CPU.ActiveCfg = Debug|Any CPU
		{DD2AE956-2504-4E3E-9B67-BF16B8F0CF3D}.Debug|Any CPU.Build.0 = Debug|Any CPU
		{DD2AE956-2504-4E3E-9B67-BF16B8F0CF3D}.Release|Any CPU.ActiveCfg = Release|Any CPU
		{DD2AE956-2504-4E3E-9B67-BF16B8F0CF3D}.Release|Any CPU.Build.0 = Release|Any CPU
	EndGlobalSection
	GlobalSection(SolutionProperties) = preSolution
		HideSolutionNode = FALSE
	EndGlobalSection
	GlobalSection(ExtensibilityGlobals) = postSolution
		SolutionGuid = {39055D76-EEAB-4D15-997D-FF934D1BF117}
	EndGlobalSection
EndGlobal
